
Microsoft Visual Studio Solution File, Format Version 12.00
# Visual Studio Version 17
VisualStudioVersion = 17.2.32526.322
MinimumVisualStudioVersion = 10.0.40219.1
Project("{2150E333-8FDC-42A3-9474-1A3956D46DE8}") = "Solution Items", "Solution Items", "{CEB61F89-50B6-4EE6-B394-672D2E331FF3}"
	ProjectSection(SolutionItems) = preProject
		AssigmentSpec.txt = AssigmentSpec.txt
		README.md = README.md
	EndProjectSection
EndProject
Project("{9A19103F-16F7-4668-BE54-9A1E7A4F7556}") = "PrePay.VegetableShop.API", "PrePay.Vegetable.API\PrePay.VegetableShop.API.csproj", "{F72B3083-DE7E-463F-9B4B-5C3067177268}"
EndProject
Project("{FAE04EC0-301F-11D3-BF4B-00C04F79EFBC}") = "PrePay.VegetableShop.Models", "PrePay.VegetableShop.Models\PrePay.VegetableShop.Models.csproj", "{E1FD40CE-B2E6-4F3E-8C25-DC5CA7E983CB}"
EndProject
Project("{FAE04EC0-301F-11D3-BF4B-00C04F79EFBC}") = "PrePay.VegetableShop.Domain", "PrePay.VegetableShop.Domain\PrePay.VegetableShop.Domain.csproj", "{3D81F2CC-005A-4E2F-B697-82B815CF8F8D}"
EndProject
Project("{FAE04EC0-301F-11D3-BF4B-00C04F79EFBC}") = "PrePay.VegetableShop.Data", "PrePay.VegetableShop.Data\PrePay.VegetableShop.Data.csproj", "{7695A5A0-B5E3-43C6-8094-FBF09F8BD627}"
EndProject
Project("{FAE04EC0-301F-11D3-BF4B-00C04F79EFBC}") = "PrePay.VegetableShop.UnitTests", "PrePay.VegetableShop.UnitTests\PrePay.VegetableShop.UnitTests.csproj", "{B9AD81B8-76D4-4783-A84D-9F0C446BCB8F}"
EndProject
Global
	GlobalSection(SolutionConfigurationPlatforms) = preSolution
		Debug|Any CPU = Debug|Any CPU
		Release|Any CPU = Release|Any CPU
	EndGlobalSection
	GlobalSection(ProjectConfigurationPlatforms) = postSolution
		{F72B3083-DE7E-463F-9B4B-5C3067177268}.Debug|Any CPU.ActiveCfg = Debug|Any CPU
		{F72B3083-DE7E-463F-9B4B-5C3067177268}.Debug|Any CPU.Build.0 = Debug|Any CPU
		{F72B3083-DE7E-463F-9B4B-5C3067177268}.Release|Any CPU.ActiveCfg = Release|Any CPU
		{F72B3083-DE7E-463F-9B4B-5C3067177268}.Release|Any CPU.Build.0 = Release|Any CPU
		{E1FD40CE-B2E6-4F3E-8C25-DC5CA7E983CB}.Debug|Any CPU.ActiveCfg = Debug|Any CPU
		{E1FD40CE-B2E6-4F3E-8C25-DC5CA7E983CB}.Debug|Any CPU.Build.0 = Debug|Any CPU
		{E1FD40CE-B2E6-4F3E-8C25-DC5CA7E983CB}.Release|Any CPU.ActiveCfg = Release|Any CPU
		{E1FD40CE-B2E6-4F3E-8C25-DC5CA7E983CB}.Release|Any CPU.Build.0 = Release|Any CPU
		{3D81F2CC-005A-4E2F-B697-82B815CF8F8D}.Debug|Any CPU.ActiveCfg = Debug|Any CPU
		{3D81F2CC-005A-4E2F-B697-82B815CF8F8D}.Debug|Any CPU.Build.0 = Debug|Any CPU
		{3D81F2CC-005A-4E2F-B697-82B815CF8F8D}.Release|Any CPU.ActiveCfg = Release|Any CPU
		{3D81F2CC-005A-4E2F-B697-82B815CF8F8D}.Release|Any CPU.Build.0 = Release|Any CPU
		{7695A5A0-B5E3-43C6-8094-FBF09F8BD627}.Debug|Any CPU.ActiveCfg = Debug|Any CPU
		{7695A5A0-B5E3-43C6-8094-FBF09F8BD627}.Debug|Any CPU.Build.0 = Debug|Any CPU
		{7695A5A0-B5E3-43C6-8094-FBF09F8BD627}.Release|Any CPU.ActiveCfg = Release|Any CPU
		{7695A5A0-B5E3-43C6-8094-FBF09F8BD627}.Release|Any CPU.Build.0 = Release|Any CPU
		{B9AD81B8-76D4-4783-A84D-9F0C446BCB8F}.Debug|Any CPU.ActiveCfg = Debug|Any CPU
		{B9AD81B8-76D4-4783-A84D-9F0C446BCB8F}.Debug|Any CPU.Build.0 = Debug|Any CPU
		{B9AD81B8-76D4-4783-A84D-9F0C446BCB8F}.Release|Any CPU.ActiveCfg = Release|Any CPU
		{B9AD81B8-76D4-4783-A84D-9F0C446BCB8F}.Release|Any CPU.Build.0 = Release|Any CPU
	EndGlobalSection
	GlobalSection(SolutionProperties) = preSolution
		HideSolutionNode = FALSE
	EndGlobalSection
	GlobalSection(ExtensibilityGlobals) = postSolution
		SolutionGuid = {6AD3DFE5-FD2A-4E31-A312-E048471CF8AB}
	EndGlobalSection
EndGlobal
